// !$*UTF8*$!
{
	archiveVersion = 1;
	classes = {
	};
	objectVersion = 46;
	objects = {

/* Begin PBXBuildFile section */
		6C3CBE451B89C04600F9E79D /* AppDelegate.swift in Sources */ = {isa = PBXBuildFile; fileRef = 6C3CBE441B89C04600F9E79D /* AppDelegate.swift */; };
		6C3CBE471B89C04600F9E79D /* ViewController.swift in Sources */ = {isa = PBXBuildFile; fileRef = 6C3CBE461B89C04600F9E79D /* ViewController.swift */; };
		6C3CBE4C1B89C04600F9E79D /* Images.xcassets in Resources */ = {isa = PBXBuildFile; fileRef = 6C3CBE4B1B89C04600F9E79D /* Images.xcassets */; };
		6C3CBE4F1B89C04600F9E79D /* LaunchScreen.xib in Resources */ = {isa = PBXBuildFile; fileRef = 6C3CBE4D1B89C04600F9E79D /* LaunchScreen.xib */; };
		6C3CBE5B1B89C04700F9E79D /* TestTests.swift in Sources */ = {isa = PBXBuildFile; fileRef = 6C3CBE5A1B89C04700F9E79D /* TestTests.swift */; };
		6C3CBE651B89C2D700F9E79D /* AnotherViewController.swift in Sources */ = {isa = PBXBuildFile; fileRef = 6C3CBE641B89C2D700F9E79D /* AnotherViewController.swift */; };
/* End PBXBuildFile section */

/* Begin PBXContainerItemProxy section */
		6C3CBE551B89C04700F9E79D /* PBXContainerItemProxy */ = {
			isa = PBXContainerItemProxy;
			containerPortal = 6C3CBE371B89C04600F9E79D /* Project object */;
			proxyType = 1;
			remoteGlobalIDString = 6C3CBE3E1B89C04600F9E79D;
			remoteInfo = Test;
		};
/* End PBXContainerItemProxy section */

/* Begin PBXFileReference section */
		6C3CBE3F1B89C04600F9E79D /* Test.app */ = {isa = PBXFileReference; explicitFileType = wrapper.application; includeInIndex = 0; path = Test.app; sourceTree = BUILT_PRODUCTS_DIR; };
		6C3CBE431B89C04600F9E79D /* Info.plist */ = {isa = PBXFileReference; lastKnownFileType = text.plist.xml; path = Info.plist; sourceTree = "<group>"; };
		6C3CBE441B89C04600F9E79D /* AppDelegate.swift */ = {isa = PBXFileReference; lastKnownFileType = sourcecode.swift; path = AppDelegate.swift; sourceTree = "<group>"; };
		6C3CBE461B89C04600F9E79D /* ViewController.swift */ = {isa = PBXFileReference; lastKnownFileType = sourcecode.swift; path = ViewController.swift; sourceTree = "<group>"; };
		6C3CBE4B1B89C04600F9E79D /* Images.xcassets */ = {isa = PBXFileReference; lastKnownFileType = folder.assetcatalog; path = Images.xcassets; sourceTree = "<group>"; };
		6C3CBE4E1B89C04600F9E79D /* Base */ = {isa = PBXFileReference; lastKnownFileType = file.xib; name = Base; path = Base.lproj/LaunchScreen.xib; sourceTree = "<group>"; };
		6C3CBE541B89C04700F9E79D /* TestTests.xctest */ = {isa = PBXFileReference; explicitFileType = wrapper.cfbundle; includeInIndex = 0; path = TestTests.xctest; sourceTree = BUILT_PRODUCTS_DIR; };
		6C3CBE591B89C04700F9E79D /* Info.plist */ = {isa = PBXFileReference; lastKnownFileType = text.plist.xml; path = Info.plist; sourceTree = "<group>"; };
		6C3CBE5A1B89C04700F9E79D /* TestTests.swift */ = {isa = PBXFileReference; lastKnownFileType = sourcecode.swift; path = TestTests.swift; sourceTree = "<group>"; };
		6C3CBE641B89C2D700F9E79D /* AnotherViewController.swift */ = {isa = PBXFileReference; fileEncoding = 4; lastKnownFileType = sourcecode.swift; path = AnotherViewController.swift; sourceTree = "<group>"; };
/* End PBXFileReference section */

/* Begin PBXFrameworksBuildPhase section */
		6C3CBE3C1B89C04600F9E79D /* Frameworks */ = {
			isa = PBXFrameworksBuildPhase;
			buildActionMask = 2147483647;
			files = (
			);
			runOnlyForDeploymentPostprocessing = 0;
		};
		6C3CBE511B89C04700F9E79D /* Frameworks */ = {
			isa = PBXFrameworksBuildPhase;
			buildActionMask = 2147483647;
			files = (
			);
			runOnlyForDeploymentPostprocessing = 0;
		};
/* End PBXFrameworksBuildPhase section */

/* Begin PBXGroup section */
		6C3CBE361B89C04600F9E79D = {
			isa = PBXGroup;
			children = (
				6C3CBE411B89C04600F9E79D /* Test */,
				6C3CBE571B89C04700F9E79D /* TestTests */,
				6C3CBE401B89C04600F9E79D /* Products */,
			);
			sourceTree = "<group>";
		};
		6C3CBE401B89C04600F9E79D /* Products */ = {
			isa = PBXGroup;
			children = (
				6C3CBE3F1B89C04600F9E79D /* Test.app */,
				6C3CBE541B89C04700F9E79D /* TestTests.xctest */,
			);
			name = Products;
			sourceTree = "<group>";
		};
		6C3CBE411B89C04600F9E79D /* Test */ = {
			isa = PBXGroup;
			children = (
				6C3CBE441B89C04600F9E79D /* AppDelegate.swift */,
				6C3CBE461B89C04600F9E79D /* ViewController.swift */,
				6C3CBE641B89C2D700F9E79D /* AnotherViewController.swift */,
				6C3CBE4B1B89C04600F9E79D /* Images.xcassets */,
				6C3CBE4D1B89C04600F9E79D /* LaunchScreen.xib */,
				6C3CBE421B89C04600F9E79D /* Supporting Files */,
			);
			path = Test;
			sourceTree = "<group>";
		};
		6C3CBE421B89C04600F9E79D /* Supporting Files */ = {
			isa = PBXGroup;
			children = (
				6C3CBE431B89C04600F9E79D /* Info.plist */,
			);
			name = "Supporting Files";
			sourceTree = "<group>";
		};
		6C3CBE571B89C04700F9E79D /* TestTests */ = {
			isa = PBXGroup;
			children = (
				6C3CBE5A1B89C04700F9E79D /* TestTests.swift */,
				6C3CBE581B89C04700F9E79D /* Supporting Files */,
			);
			path = TestTests;
			sourceTree = "<group>";
		};
		6C3CBE581B89C04700F9E79D /* Supporting Files */ = {
			isa = PBXGroup;
			children = (
				6C3CBE591B89C04700F9E79D /* Info.plist */,
			);
			name = "Supporting Files";
			sourceTree = "<group>";
		};
/* End PBXGroup section */

/* Begin PBXNativeTarget section */
		6C3CBE3E1B89C04600F9E79D /* Test */ = {
			isa = PBXNativeTarget;
			buildConfigurationList = 6C3CBE5E1B89C04700F9E79D /* Build configuration list for PBXNativeTarget "Test" */;
			buildPhases = (
				6C3CBE3B1B89C04600F9E79D /* Sources */,
				6C3CBE3C1B89C04600F9E79D /* Frameworks */,
				6C3CBE3D1B89C04600F9E79D /* Resources */,
			);
			buildRules = (
			);
			dependencies = (
			);
			name = Test;
			productName = Test;
			productReference = 6C3CBE3F1B89C04600F9E79D /* Test.app */;
			productType = "com.apple.product-type.application";
		};
		6C3CBE531B89C04700F9E79D /* TestTests */ = {
			isa = PBXNativeTarget;
			buildConfigurationList = 6C3CBE611B89C04700F9E79D /* Build configuration list for PBXNativeTarget "TestTests" */;
			buildPhases = (
				6C3CBE501B89C04700F9E79D /* Sources */,
				6C3CBE511B89C04700F9E79D /* Frameworks */,
				6C3CBE521B89C04700F9E79D /* Resources */,
			);
			buildRules = (
			);
			dependencies = (
				6C3CBE561B89C04700F9E79D /* PBXTargetDependency */,
			);
			name = TestTests;
			productName = TestTests;
			productReference = 6C3CBE541B89C04700F9E79D /* TestTests.xctest */;
			productType = "com.apple.product-type.bundle.unit-test";
		};
/* End PBXNativeTarget section */

/* Begin PBXProject section */
		6C3CBE371B89C04600F9E79D /* Project object */ = {
			isa = PBXProject;
			attributes = {
				LastUpgradeCheck = 0640;
				ORGANIZATIONNAME = "Jonathon Toon";
				TargetAttributes = {
					6C3CBE3E1B89C04600F9E79D = {
						CreatedOnToolsVersion = 6.4;
					};
					6C3CBE531B89C04700F9E79D = {
						CreatedOnToolsVersion = 6.4;
						TestTargetID = 6C3CBE3E1B89C04600F9E79D;
					};
				};
			};
			buildConfigurationList = 6C3CBE3A1B89C04600F9E79D /* Build configuration list for PBXProject "Test" */;
			compatibilityVersion = "Xcode 3.2";
			developmentRegion = English;
			hasScannedForEncodings = 0;
			knownRegions = (
				en,
				Base,
			);
			mainGroup = 6C3CBE361B89C04600F9E79D;
			productRefGroup = 6C3CBE401B89C04600F9E79D /* Products */;
			projectDirPath = "";
			projectRoot = "";
			targets = (
				6C3CBE3E1B89C04600F9E79D /* Test */,
				6C3CBE531B89C04700F9E79D /* TestTests */,
			);
		};
/* End PBXProject section */

/* Begin PBXResourcesBuildPhase section */
		6C3CBE3D1B89C04600F9E79D /* Resources */ = {
			isa = PBXResourcesBuildPhase;
			buildActionMask = 2147483647;
			files = (
				6C3CBE4F1B89C04600F9E79D /* LaunchScreen.xib in Resources */,
				6C3CBE4C1B89C04600F9E79D /* Images.xcassets in Resources */,
			);
			runOnlyForDeploymentPostprocessing = 0;
		};
		6C3CBE521B89C04700F9E79D /* Resources */ = {
			isa = PBXResourcesBuildPhase;
			buildActionMask = 2147483647;
			files = (
			);
			runOnlyForDeploymentPostprocessing = 0;
		};
/* End PBXResourcesBuildPhase section */

/* Begin PBXSourcesBuildPhase section */
		6C3CBE3B1B89C04600F9E79D /* Sources */ = {
			isa = PBXSourcesBuildPhase;
			buildActionMask = 2147483647;
			files = (
				6C3CBE471B89C04600F9E79D /* ViewController.swift in Sources */,
				6C3CBE451B89C04600F9E79D /* AppDelegate.swift in Sources */,
				6C3CBE651B89C2D700F9E79D /* AnotherViewController.swift in Sources */,
			);
			runOnlyForDeploymentPostprocessing = 0;
		};
		6C3CBE501B89C04700F9E79D /* Sources */ = {
			isa = PBXSourcesBuildPhase;
			buildActionMask = 2147483647;
			files = (
				6C3CBE5B1B89C04700F9E79D /* TestTests.swift in Sources */,
			);
			runOnlyForDeploymentPostprocessing = 0;
		};
/* End PBXSourcesBuildPhase section */

/* Begin PBXTargetDependency section */
		6C3CBE561B89C04700F9E79D /* PBXTargetDependency */ = {
			isa = PBXTargetDependency;
			target = 6C3CBE3E1B89C04600F9E79D /* Test */;
			targetProxy = 6C3CBE551B89C04700F9E79D /* PBXContainerItemProxy */;
		};
/* End PBXTargetDependency section */

/* Begin PBXVariantGroup section */
		6C3CBE4D1B89C04600F9E79D /* LaunchScreen.xib */ = {
			isa = PBXVariantGroup;
			children = (
				6C3CBE4E1B89C04600F9E79D /* Base */,
			);
			name = LaunchScreen.xib;
			sourceTree = "<group>";
		};
/* End PBXVariantGroup section */

/* Begin XCBuildConfiguration section */
		6C3CBE5C1B89C04700F9E79D /* Debug */ = {
			isa = XCBuildConfiguration;
			buildSettings = {
				ALWAYS_SEARCH_USER_PATHS = NO;
				CLANG_CXX_LANGUAGE_STANDARD = "gnu++0x";
				CLANG_CXX_LIBRARY = "libc++";
				CLANG_ENABLE_MODULES = YES;
				CLANG_ENABLE_OBJC_ARC = YES;
				CLANG_WARN_BOOL_CONVERSION = YES;
				CLANG_WARN_CONSTANT_CONVERSION = YES;
				CLANG_WARN_DIRECT_OBJC_ISA_USAGE = YES_ERROR;
				CLANG_WARN_EMPTY_BODY = YES;
				CLANG_WARN_ENUM_CONVERSION = YES;
				CLANG_WARN_INT_CONVERSION = YES;
				CLANG_WARN_OBJC_ROOT_CLASS = YES_ERROR;
				CLANG_WARN_UNREACHABLE_CODE = YES;
				CLANG_WARN__DUPLICATE_METHOD_MATCH = YES;
				"CODE_SIGN_IDENTITY[sdk=iphoneos*]" = "iPhone Developer";
				COPY_PHASE_STRIP = NO;
				DEBUG_INFORMATION_FORMAT = "dwarf-with-dsym";
				ENABLE_STRICT_OBJC_MSGSEND = YES;
				GCC_C_LANGUAGE_STANDARD = gnu99;
				GCC_DYNAMIC_NO_PIC = NO;
				GCC_NO_COMMON_BLOCKS = YES;
				GCC_OPTIMIZATION_LEVEL = 0;
				GCC_PREPROCESSOR_DEFINITIONS = (
					"DEBUG=1",
					"$(inherited)",
				);
				GCC_SYMBOLS_PRIVATE_EXTERN = NO;
				GCC_WARN_64_TO_32_BIT_CONVERSION = YES;
				GCC_WARN_ABOUT_RETURN_TYPE = YES_ERROR;
				GCC_WARN_UNDECLARED_SELECTOR = YES;
				GCC_WARN_UNINITIALIZED_AUTOS = YES_AGGRESSIVE;
				GCC_WARN_UNUSED_FUNCTION = YES;
				GCC_WARN_UNUSED_VARIABLE = YES;
				IPHONEOS_DEPLOYMENT_TARGET = 8.4;
				MTL_ENABLE_DEBUG_INFO = YES;
				ONLY_ACTIVE_ARCH = YES;
				SDKROOT = iphoneos;
				SWIFT_OPTIMIZATION_LEVEL = "-Onone";
			};
			name = Debug;
		};
		6C3CBE5D1B89C04700F9E79D /* Release */ = {
			isa = XCBuildConfiguration;
			buildSettings = {
				ALWAYS_SEARCH_USER_PATHS = NO;
				CLANG_CXX_LANGUAGE_STANDARD = "gnu++0x";
				CLANG_CXX_LIBRARY = "libc++";
				CLANG_ENABLE_MODULES = YES;
				CLANG_ENABLE_OBJC_ARC = YES;
				CLANG_WARN_BOOL_CONVERSION = YES;
				CLANG_WARN_CONSTANT_CONVERSION = YES;
				CLANG_WARN_DIRECT_OBJC_ISA_USAGE = YES_ERROR;
				CLANG_WARN_EMPTY_BODY = YES;
				CLANG_WARN_ENUM_CONVERSION = YES;
				CLANG_WARN_INT_CONVERSION = YES;
				CLANG_WARN_OBJC_ROOT_CLASS = YES_ERROR;
				CLANG_WARN_UNREACHABLE_CODE = YES;
				CLANG_WARN__DUPLICATE_METHOD_MATCH = YES;
				"CODE_SIGN_IDENTITY[sdk=iphoneos*]" = "iPhone Developer";
				COPY_PHASE_STRIP = NO;
				DEBUG_INFORMATION_FORMAT = "dwarf-with-dsym";
				ENABLE_NS_ASSERTIONS = NO;
				ENABLE_STRICT_OBJC_MSGSEND = YES;
				GCC_C_LANGUAGE_STANDARD = gnu99;
				GCC_NO_COMMON_BLOCKS = YES;
				GCC_WARN_64_TO_32_BIT_CONVERSION = YES;
				GCC_WARN_ABOUT_RETURN_TYPE = YES_ERROR;
				GCC_WARN_UNDECLARED_SELECTOR = YES;
				GCC_WARN_UNINITIALIZED_AUTOS = YES_AGGRESSIVE;
				GCC_WARN_UNUSED_FUNCTION = YES;
				GCC_WARN_UNUSED_VARIABLE = YES;
				IPHONEOS_DEPLOYMENT_TARGET = 8.4;
				MTL_ENABLE_DEBUG_INFO = NO;
				SDKROOT = iphoneos;
				VALIDATE_PRODUCT = YES;
			};
			name = Release;
		};
		6C3CBE5F1B89C04700F9E79D /* Debug */ = {
			isa = XCBuildConfiguration;
			buildSettings = {
				ASSETCATALOG_COMPILER_APPICON_NAME = AppIcon;
				INFOPLIST_FILE = Test/Info.plist;
				LD_RUNPATH_SEARCH_PATHS = "$(inherited) @executable_path/Frameworks";
				PRODUCT_NAME = "$(TARGET_NAME)";
			};
			name = Debug;
		};
		6C3CBE601B89C04700F9E79D /* Release */ = {
			isa = XCBuildConfiguration;
			buildSettings = {
				ASSETCATALOG_COMPILER_APPICON_NAME = AppIcon;
				INFOPLIST_FILE = Test/Info.plist;
				LD_RUNPATH_SEARCH_PATHS = "$(inherited) @executable_path/Frameworks";
				PRODUCT_NAME = "$(TARGET_NAME)";
			};
			name = Release;
		};
		6C3CBE621B89C04700F9E79D /* Debug */ = {
			isa = XCBuildConfiguration;
			buildSettings = {
				BUNDLE_LOADER = "$(TEST_HOST)";
				FRAMEWORK_SEARCH_PATHS = (
					"$(SDKROOT)/Developer/Library/Frameworks",
					"$(inherited)",
				);
				GCC_PREPROCESSOR_DEFINITIONS = (
					"DEBUG=1",
					"$(inherited)",
				);
				INFOPLIST_FILE = TestTests/Info.plist;
				LD_RUNPATH_SEARCH_PATHS = "$(inherited) @executable_path/Frameworks @loader_path/Frameworks";
				PRODUCT_NAME = "$(TARGET_NAME)";
				TEST_HOST = "$(BUILT_PRODUCTS_DIR)/Test.app/Test";
			};
			name = Debug;
		};
		6C3CBE631B89C04700F9E79D /* Release */ = {
			isa = XCBuildConfiguration;
			buildSettings = {
				BUNDLE_LOADER = "$(TEST_HOST)";
				FRAMEWORK_SEARCH_PATHS = (
					"$(SDKROOT)/Developer/Library/Frameworks",
					"$(inherited)",
				);
				INFOPLIST_FILE = TestTests/Info.plist;
				LD_RUNPATH_SEARCH_PATHS = "$(inherited) @executable_path/Frameworks @loader_path/Frameworks";
				PRODUCT_NAME = "$(TARGET_NAME)";
				TEST_HOST = "$(BUILT_PRODUCTS_DIR)/Test.app/Test";
			};
			name = Release;
		};
/* End XCBuildConfiguration section */

/* Begin XCConfigurationList section */
		6C3CBE3A1B89C04600F9E79D /* Build configuration list for PBXProject "Test" */ = {
			isa = XCConfigurationList;
			buildConfigurations = (
				6C3CBE5C1B89C04700F9E79D /* Debug */,
				6C3CBE5D1B89C04700F9E79D /* Release */,
			);
			defaultConfigurationIsVisible = 0;
			defaultConfigurationName = Release;
		};
		6C3CBE5E1B89C04700F9E79D /* Build configuration list for PBXNativeTarget "Test" */ = {
			isa = XCConfigurationList;
			buildConfigurations = (
				6C3CBE5F1B89C04700F9E79D /* Debug */,
				6C3CBE601B89C04700F9E79D /* Release */,
			);
			defaultConfigurationIsVisible = 0;
		};
		6C3CBE611B89C04700F9E79D /* Build configuration list for PBXNativeTarget "TestTests" */ = {
			isa = XCConfigurationList;
			buildConfigurations = (
				6C3CBE621B89C04700F9E79D /* Debug */,
				6C3CBE631B89C04700F9E79D /* Release */,
			);
			defaultConfigurationIsVisible = 0;
		};
/* End XCConfigurationList section */
	};
	rootObject = 6C3CBE371B89C04600F9E79D /* Project object */;
}
